// !$*UTF8*$!
{
	archiveVersion = 1;
	classes = {
	};
	objectVersion = 50;
	objects = {

/* Begin PBXBuildFile section */
		E233ECD8218C6458005DF237 /* logInController.swift in Sources */ = {isa = PBXBuildFile; fileRef = E233ECD7218C6458005DF237 /* logInController.swift */; };
		E233ECDA218C646D005DF237 /* registerController.swift in Sources */ = {isa = PBXBuildFile; fileRef = E233ECD9218C646D005DF237 /* registerController.swift */; };
		E233ECDC218C69A7005DF237 /* recipesController.swift in Sources */ = {isa = PBXBuildFile; fileRef = E233ECDB218C69A7005DF237 /* recipesController.swift */; };
		E263033A2178A0D70049AAEA /* AppDelegate.swift in Sources */ = {isa = PBXBuildFile; fileRef = E26303392178A0D70049AAEA /* AppDelegate.swift */; };
		E263033C2178A0D70049AAEA /* ViewController.swift in Sources */ = {isa = PBXBuildFile; fileRef = E263033B2178A0D70049AAEA /* ViewController.swift */; };
		E263033F2178A0D70049AAEA /* Main.storyboard in Resources */ = {isa = PBXBuildFile; fileRef = E263033D2178A0D70049AAEA /* Main.storyboard */; };
		E26303412178A0D80049AAEA /* Assets.xcassets in Resources */ = {isa = PBXBuildFile; fileRef = E26303402178A0D80049AAEA /* Assets.xcassets */; };
		E26303442178A0D80049AAEA /* LaunchScreen.storyboard in Resources */ = {isa = PBXBuildFile; fileRef = E26303422178A0D80049AAEA /* LaunchScreen.storyboard */; };
/* End PBXBuildFile section */

/* Begin PBXFileReference section */
		E233ECD7218C6458005DF237 /* logInController.swift */ = {isa = PBXFileReference; lastKnownFileType = sourcecode.swift; path = logInController.swift; sourceTree = "<group>"; };
		E233ECD9218C646D005DF237 /* registerController.swift */ = {isa = PBXFileReference; lastKnownFileType = sourcecode.swift; path = registerController.swift; sourceTree = "<group>"; };
		E233ECDB218C69A7005DF237 /* recipesController.swift */ = {isa = PBXFileReference; lastKnownFileType = sourcecode.swift; path = recipesController.swift; sourceTree = "<group>"; };
		E26303362178A0D70049AAEA /* SimplyFood.app */ = {isa = PBXFileReference; explicitFileType = wrapper.application; includeInIndex = 0; path = SimplyFood.app; sourceTree = BUILT_PRODUCTS_DIR; };
		E26303392178A0D70049AAEA /* AppDelegate.swift */ = {isa = PBXFileReference; lastKnownFileType = sourcecode.swift; path = AppDelegate.swift; sourceTree = "<group>"; };
		E263033B2178A0D70049AAEA /* ViewController.swift */ = {isa = PBXFileReference; lastKnownFileType = sourcecode.swift; path = ViewController.swift; sourceTree = "<group>"; };
		E263033E2178A0D70049AAEA /* Base */ = {isa = PBXFileReference; lastKnownFileType = file.storyboard; name = Base; path = Base.lproj/Main.storyboard; sourceTree = "<group>"; };
		E26303402178A0D80049AAEA /* Assets.xcassets */ = {isa = PBXFileReference; lastKnownFileType = folder.assetcatalog; path = Assets.xcassets; sourceTree = "<group>"; };
		E26303432178A0D80049AAEA /* Base */ = {isa = PBXFileReference; lastKnownFileType = file.storyboard; name = Base; path = Base.lproj/LaunchScreen.storyboard; sourceTree = "<group>"; };
		E26303452178A0D80049AAEA /* Info.plist */ = {isa = PBXFileReference; lastKnownFileType = text.plist.xml; path = Info.plist; sourceTree = "<group>"; };
/* End PBXFileReference section */

/* Begin PBXFrameworksBuildPhase section */
		E26303332178A0D70049AAEA /* Frameworks */ = {
			isa = PBXFrameworksBuildPhase;
			buildActionMask = 2147483647;
			files = (
			);
			runOnlyForDeploymentPostprocessing = 0;
		};
/* End PBXFrameworksBuildPhase section */

/* Begin PBXGroup section */
		E263032D2178A0D60049AAEA = {
			isa = PBXGroup;
			children = (
				E26303382178A0D70049AAEA /* SimplyFood */,
				E26303372178A0D70049AAEA /* Products */,
			);
			sourceTree = "<group>";
		};
		E26303372178A0D70049AAEA /* Products */ = {
			isa = PBXGroup;
			children = (
				E26303362178A0D70049AAEA /* SimplyFood.app */,
			);
			name = Products;
			sourceTree = "<group>";
		};
		E26303382178A0D70049AAEA /* SimplyFood */ = {
			isa = PBXGroup;
			children = (
				E263034D2178A0FD0049AAEA /* Model */,
				E263034C2178A0F50049AAEA /* Controller */,
				E263034B2178A0E80049AAEA /* View */,
				E26303402178A0D80049AAEA /* Assets.xcassets */,
				E26303452178A0D80049AAEA /* Info.plist */,
			);
			path = SimplyFood;
			sourceTree = "<group>";
		};
		E263034B2178A0E80049AAEA /* View */ = {
			isa = PBXGroup;
			children = (
				E263033D2178A0D70049AAEA /* Main.storyboard */,
				E26303422178A0D80049AAEA /* LaunchScreen.storyboard */,
			);
			path = View;
			sourceTree = "<group>";
		};
		E263034C2178A0F50049AAEA /* Controller */ = {
			isa = PBXGroup;
			children = (
				E26303392178A0D70049AAEA /* AppDelegate.swift */,
				E263033B2178A0D70049AAEA /* ViewController.swift */,
				E233ECD7218C6458005DF237 /* logInController.swift */,
				E233ECD9218C646D005DF237 /* registerController.swift */,
				E233ECDB218C69A7005DF237 /* recipesController.swift */,
			);
			path = Controller;
			sourceTree = "<group>";
		};
		E263034D2178A0FD0049AAEA /* Model */ = {
			isa = PBXGroup;
			children = (
			);
			path = Model;
			sourceTree = "<group>";
		};
/* End PBXGroup section */

/* Begin PBXNativeTarget section */
		E26303352178A0D70049AAEA /* SimplyFood */ = {
			isa = PBXNativeTarget;
			buildConfigurationList = E26303482178A0D80049AAEA /* Build configuration list for PBXNativeTarget "SimplyFood" */;
			buildPhases = (
				E26303322178A0D70049AAEA /* Sources */,
				E26303332178A0D70049AAEA /* Frameworks */,
				E26303342178A0D70049AAEA /* Resources */,
			);
			buildRules = (
			);
			dependencies = (
			);
			name = SimplyFood;
			productName = SimplyFood;
			productReference = E26303362178A0D70049AAEA /* SimplyFood.app */;
			productType = "com.apple.product-type.application";
		};
/* End PBXNativeTarget section */

/* Begin PBXProject section */
		E263032E2178A0D60049AAEA /* Project object */ = {
			isa = PBXProject;
			attributes = {
				LastSwiftUpdateCheck = 1000;
				LastUpgradeCheck = 1000;
				ORGANIZATIONNAME = "BjarkeHøgdall";
				TargetAttributes = {
					E26303352178A0D70049AAEA = {
						CreatedOnToolsVersion = 10.0;
					};
				};
			};
			buildConfigurationList = E26303312178A0D60049AAEA /* Build configuration list for PBXProject "SimplyFood" */;
			compatibilityVersion = "Xcode 9.3";
			developmentRegion = en;
			hasScannedForEncodings = 0;
			knownRegions = (
				en,
				Base,
			);
			mainGroup = E263032D2178A0D60049AAEA;
			productRefGroup = E26303372178A0D70049AAEA /* Products */;
			projectDirPath = "";
			projectRoot = "";
			targets = (
				E26303352178A0D70049AAEA /* SimplyFood */,
			);
		};
/* End PBXProject section */

/* Begin PBXResourcesBuildPhase section */
		E26303342178A0D70049AAEA /* Resources */ = {
			isa = PBXResourcesBuildPhase;
			buildActionMask = 2147483647;
			files = (
				E26303442178A0D80049AAEA /* LaunchScreen.storyboard in Resources */,
				E26303412178A0D80049AAEA /* Assets.xcassets in Resources */,
				E263033F2178A0D70049AAEA /* Main.storyboard in Resources */,
			);
			runOnlyForDeploymentPostprocessing = 0;
		};
/* End PBXResourcesBuildPhase section */

/* Begin PBXSourcesBuildPhase section */
		E26303322178A0D70049AAEA /* Sources */ = {
			isa = PBXSourcesBuildPhase;
			buildActionMask = 2147483647;
			files = (
				E233ECDA218C646D005DF237 /* registerController.swift in Sources */,
				E233ECDC218C69A7005DF237 /* recipesController.swift in Sources */,
				E233ECD8218C6458005DF237 /* logInController.swift in Sources */,
				E263033C2178A0D70049AAEA /* ViewController.swift in Sources */,
				E263033A2178A0D70049AAEA /* AppDelegate.swift in Sources */,
			);
			runOnlyForDeploymentPostprocessing = 0;
		};
/* End PBXSourcesBuildPhase section */

/* Begin PBXVariantGroup section */
		E263033D2178A0D70049AAEA /* Main.storyboard */ = {
			isa = PBXVariantGroup;
			children = (
				E263033E2178A0D70049AAEA /* Base */,
			);
			name = Main.storyboard;
			sourceTree = "<group>";
		};
		E26303422178A0D80049AAEA /* LaunchScreen.storyboard */ = {
			isa = PBXVariantGroup;
			children = (
				E26303432178A0D80049AAEA /* Base */,
			);
			name = LaunchScreen.storyboard;
			sourceTree = "<group>";
		};
/* End PBXVariantGroup section */

/* Begin XCBuildConfiguration section */
		E26303462178A0D80049AAEA /* Debug */ = {
			isa = XCBuildConfiguration;
			buildSettings = {
				ALWAYS_SEARCH_USER_PATHS = NO;
				CLANG_ANALYZER_NONNULL = YES;
				CLANG_ANALYZER_NUMBER_OBJECT_CONVERSION = YES_AGGRESSIVE;
				CLANG_CXX_LANGUAGE_STANDARD = "gnu++14";
				CLANG_CXX_LIBRARY = "libc++";
				CLANG_ENABLE_MODULES = YES;
				CLANG_ENABLE_OBJC_ARC = YES;
				CLANG_ENABLE_OBJC_WEAK = YES;
				CLANG_WARN_BLOCK_CAPTURE_AUTORELEASING = YES;
				CLANG_WARN_BOOL_CONVERSION = YES;
				CLANG_WARN_COMMA = YES;
				CLANG_WARN_CONSTANT_CONVERSION = YES;
				CLANG_WARN_DEPRECATED_OBJC_IMPLEMENTATIONS = YES;
				CLANG_WARN_DIRECT_OBJC_ISA_USAGE = YES_ERROR;
				CLANG_WARN_DOCUMENTATION_COMMENTS = YES;
				CLANG_WARN_EMPTY_BODY = YES;
				CLANG_WARN_ENUM_CONVERSION = YES;
				CLANG_WARN_INFINITE_RECURSION = YES;
				CLANG_WARN_INT_CONVERSION = YES;
				CLANG_WARN_NON_LITERAL_NULL_CONVERSION = YES;
				CLANG_WARN_OBJC_IMPLICIT_RETAIN_SELF = YES;
				CLANG_WARN_OBJC_LITERAL_CONVERSION = YES;
				CLANG_WARN_OBJC_ROOT_CLASS = YES_ERROR;
				CLANG_WARN_RANGE_LOOP_ANALYSIS = YES;
				CLANG_WARN_STRICT_PROTOTYPES = YES;
				CLANG_WARN_SUSPICIOUS_MOVE = YES;
				CLANG_WARN_UNGUARDED_AVAILABILITY = YES_AGGRESSIVE;
				CLANG_WARN_UNREACHABLE_CODE = YES;
				CLANG_WARN__DUPLICATE_METHOD_MATCH = YES;
				CODE_SIGN_IDENTITY = "iPhone Developer";
				COPY_PHASE_STRIP = NO;
				DEBUG_INFORMATION_FORMAT = dwarf;
				ENABLE_STRICT_OBJC_MSGSEND = YES;
				ENABLE_TESTABILITY = YES;
				GCC_C_LANGUAGE_STANDARD = gnu11;
				GCC_DYNAMIC_NO_PIC = NO;
				GCC_NO_COMMON_BLOCKS = YES;
				GCC_OPTIMIZATION_LEVEL = 0;
				GCC_PREPROCESSOR_DEFINITIONS = (
					"DEBUG=1",
					"$(inherited)",
				);
				GCC_WARN_64_TO_32_BIT_CONVERSION = YES;
				GCC_WARN_ABOUT_RETURN_TYPE = YES_ERROR;
				GCC_WARN_UNDECLARED_SELECTOR = YES;
				GCC_WARN_UNINITIALIZED_AUTOS = YES_AGGRESSIVE;
				GCC_WARN_UNUSED_FUNCTION = YES;
				GCC_WARN_UNUSED_VARIABLE = YES;
				IPHONEOS_DEPLOYMENT_TARGET = 12.0;
				MTL_ENABLE_DEBUG_INFO = INCLUDE_SOURCE;
				MTL_FAST_MATH = YES;
				ONLY_ACTIVE_ARCH = YES;
				SDKROOT = iphoneos;
				SWIFT_ACTIVE_COMPILATION_CONDITIONS = DEBUG;
				SWIFT_OPTIMIZATION_LEVEL = "-Onone";
			};
			name = Debug;
		};
		E26303472178A0D80049AAEA /* Release */ = {
			isa = XCBuildConfiguration;
			buildSettings = {
				ALWAYS_SEARCH_USER_PATHS = NO;
				CLANG_ANALYZER_NONNULL = YES;
				CLANG_ANALYZER_NUMBER_OBJECT_CONVERSION = YES_AGGRESSIVE;
				CLANG_CXX_LANGUAGE_STANDARD = "gnu++14";
				CLANG_CXX_LIBRARY = "libc++";
				CLANG_ENABLE_MODULES = YES;
				CLANG_ENABLE_OBJC_ARC = YES;
				CLANG_ENABLE_OBJC_WEAK = YES;
				CLANG_WARN_BLOCK_CAPTURE_AUTORELEASING = YES;
				CLANG_WARN_BOOL_CONVERSION = YES;
				CLANG_WARN_COMMA = YES;
				CLANG_WARN_CONSTANT_CONVERSION = YES;
				CLANG_WARN_DEPRECATED_OBJC_IMPLEMENTATIONS = YES;
				CLANG_WARN_DIRECT_OBJC_ISA_USAGE = YES_ERROR;
				CLANG_WARN_DOCUMENTATION_COMMENTS = YES;
				CLANG_WARN_EMPTY_BODY = YES;
				CLANG_WARN_ENUM_CONVERSION = YES;
				CLANG_WARN_INFINITE_RECURSION = YES;
				CLANG_WARN_INT_CONVERSION = YES;
				CLANG_WARN_NON_LITERAL_NULL_CONVERSION = YES;
				CLANG_WARN_OBJC_IMPLICIT_RETAIN_SELF = YES;
				CLANG_WARN_OBJC_LITERAL_CONVERSION = YES;
				CLANG_WARN_OBJC_ROOT_CLASS = YES_ERROR;
				CLANG_WARN_RANGE_LOOP_ANALYSIS = YES;
				CLANG_WARN_STRICT_PROTOTYPES = YES;
				CLANG_WARN_SUSPICIOUS_MOVE = YES;
				CLANG_WARN_UNGUARDED_AVAILABILITY = YES_AGGRESSIVE;
				CLANG_WARN_UNREACHABLE_CODE = YES;
				CLANG_WARN__DUPLICATE_METHOD_MATCH = YES;
				CODE_SIGN_IDENTITY = "iPhone Developer";
				COPY_PHASE_STRIP = NO;
				DEBUG_INFORMATION_FORMAT = "dwarf-with-dsym";
				ENABLE_NS_ASSERTIONS = NO;
				ENABLE_STRICT_OBJC_MSGSEND = YES;
				GCC_C_LANGUAGE_STANDARD = gnu11;
				GCC_NO_COMMON_BLOCKS = YES;
				GCC_WARN_64_TO_32_BIT_CONVERSION = YES;
				GCC_WARN_ABOUT_RETURN_TYPE = YES_ERROR;
				GCC_WARN_UNDECLARED_SELECTOR = YES;
				GCC_WARN_UNINITIALIZED_AUTOS = YES_AGGRESSIVE;
				GCC_WARN_UNUSED_FUNCTION = YES;
				GCC_WARN_UNUSED_VARIABLE = YES;
				IPHONEOS_DEPLOYMENT_TARGET = 12.0;
				MTL_ENABLE_DEBUG_INFO = NO;
				MTL_FAST_MATH = YES;
				SDKROOT = iphoneos;
				SWIFT_COMPILATION_MODE = wholemodule;
				SWIFT_OPTIMIZATION_LEVEL = "-O";
				VALIDATE_PRODUCT = YES;
			};
			name = Release;
		};
		E26303492178A0D80049AAEA /* Debug */ = {
			isa = XCBuildConfiguration;
			buildSettings = {
				ASSETCATALOG_COMPILER_APPICON_NAME = AppIcon;
				CODE_SIGN_STYLE = Automatic;
				DEVELOPMENT_TEAM = T2V9FLP2AR;
				INFOPLIST_FILE = SimplyFood/Info.plist;
				LD_RUNPATH_SEARCH_PATHS = (
					"$(inherited)",
					"@executable_path/Frameworks",
				);
				PRODUCT_BUNDLE_IDENTIFIER = "com.BjarkeH-gdall.SimplyFood";
				PRODUCT_NAME = "$(TARGET_NAME)";
				SWIFT_VERSION = 4.2;
				TARGETED_DEVICE_FAMILY = "1,2";
			};
			name = Debug;
		};
		E263034A2178A0D80049AAEA /* Release */ = {
			isa = XCBuildConfiguration;
			buildSettings = {
				ASSETCATALOG_COMPILER_APPICON_NAME = AppIcon;
				CODE_SIGN_STYLE = Automatic;
				DEVELOPMENT_TEAM = T2V9FLP2AR;
				INFOPLIST_FILE = SimplyFood/Info.plist;
				LD_RUNPATH_SEARCH_PATHS = (
					"$(inherited)",
					"@executable_path/Frameworks",
				);
				PRODUCT_BUNDLE_IDENTIFIER = "com.BjarkeH-gdall.SimplyFood";
				PRODUCT_NAME = "$(TARGET_NAME)";
				SWIFT_VERSION = 4.2;
				TARGETED_DEVICE_FAMILY = "1,2";
			};
			name = Release;
		};
/* End XCBuildConfiguration section */

/* Begin XCConfigurationList section */
		E26303312178A0D60049AAEA /* Build configuration list for PBXProject "SimplyFood" */ = {
			isa = XCConfigurationList;
			buildConfigurations = (
				E26303462178A0D80049AAEA /* Debug */,
				E26303472178A0D80049AAEA /* Release */,
			);
			defaultConfigurationIsVisible = 0;
			defaultConfigurationName = Release;
		};
		E26303482178A0D80049AAEA /* Build configuration list for PBXNativeTarget "SimplyFood" */ = {
			isa = XCConfigurationList;
			buildConfigurations = (
				E26303492178A0D80049AAEA /* Debug */,
				E263034A2178A0D80049AAEA /* Release */,
			);
			defaultConfigurationIsVisible = 0;
			defaultConfigurationName = Release;
		};
/* End XCConfigurationList section */
	};
	rootObject = E263032E2178A0D60049AAEA /* Project object */;
}
